
Microsoft Visual Studio Solution File, Format Version 12.00
# Visual Studio Version 16
VisualStudioVersion = 16.0.30104.148
MinimumVisualStudioVersion = 10.0.40219.1
Project("{FAE04EC0-301F-11D3-BF4B-00C04F79EFBC}") = "WineCellar.Api", "WineCellar.Api.csproj", "{5AAF93D6-E77A-4FDB-BA84-CC281925CB62}"
EndProject
Global
	GlobalSection(SolutionConfigurationPlatforms) = preSolution
		Debug|Any CPU = Debug|Any CPU
		Release|Any CPU = Release|Any CPU
	EndGlobalSection
	GlobalSection(ProjectConfigurationPlatforms) = postSolution
		{5AAF93D6-E77A-4FDB-BA84-CC281925CB62}.Debug|Any CPU.ActiveCfg = Debug|Any CPU
		{5AAF93D6-E77A-4FDB-BA84-CC281925CB62}.Debug|Any CPU.Build.0 = Debug|Any CPU
		{5AAF93D6-E77A-4FDB-BA84-CC281925CB62}.Release|Any CPU.ActiveCfg = Release|Any CPU
		{5AAF93D6-E77A-4FDB-BA84-CC281925CB62}.Release|Any CPU.Build.0 = Release|Any CPU
	EndGlobalSection
	GlobalSection(SolutionProperties) = preSolution
		HideSolutionNode = FALSE
	EndGlobalSection
	GlobalSection(ExtensibilityGlobals) = postSolution
		SolutionGuid = {21782212-2C23-40CB-B355-A256B36539F3}
	EndGlobalSection
EndGlobal
